
Microsoft Visual Studio Solution File, Format Version 12.00
# Visual Studio Version 16
VisualStudioVersion = 16.0.30621.155
MinimumVisualStudioVersion = 10.0.40219.1
Project("{2150E333-8FDC-42A3-9474-1A3956D46DE8}") = "src", "src", "{2727F68D-33F6-434B-A082-97D4271268DB}"
EndProject
Project("{2150E333-8FDC-42A3-9474-1A3956D46DE8}") = "tests", "tests", "{ECAFD070-D2B0-497F-8F59-F2AC3343C748}"
EndProject
Project("{FAE04EC0-301F-11D3-BF4B-00C04F79EFBC}") = "Alura.LeilaoOnline.Core", "Alura.LeilaoOnline.Core\Alura.LeilaoOnline.Core.csproj", "{213CAFA1-5883-4B2E-AACC-0954C8802E57}"
EndProject
Project("{FAE04EC0-301F-11D3-BF4B-00C04F79EFBC}") = "Alura.LeilaoOnline.ConsoleApp", "Alura.LeilaoOnline.Console\Alura.LeilaoOnline.ConsoleApp.csproj", "{C669D19A-7C68-4CAD-8D9F-EF1352A6FB75}"
EndProject
Project("{FAE04EC0-301F-11D3-BF4B-00C04F79EFBC}") = "Alura.LeilaoOnline.Tests", "Alura.LeilaoOnline.Tests\Alura.LeilaoOnline.Tests.csproj", "{71F9C839-4469-40DF-A87A-70B11A81A259}"
EndProject
Global
	GlobalSection(SolutionConfigurationPlatforms) = preSolution
		Debug|Any CPU = Debug|Any CPU
		Release|Any CPU = Release|Any CPU
	EndGlobalSection
	GlobalSection(ProjectConfigurationPlatforms) = postSolution
		{213CAFA1-5883-4B2E-AACC-0954C8802E57}.Debug|Any CPU.ActiveCfg = Debug|Any CPU
		{213CAFA1-5883-4B2E-AACC-0954C8802E57}.Debug|Any CPU.Build.0 = Debug|Any CPU
		{213CAFA1-5883-4B2E-AACC-0954C8802E57}.Release|Any CPU.ActiveCfg = Release|Any CPU
		{213CAFA1-5883-4B2E-AACC-0954C8802E57}.Release|Any CPU.Build.0 = Release|Any CPU
		{C669D19A-7C68-4CAD-8D9F-EF1352A6FB75}.Debug|Any CPU.ActiveCfg = Debug|Any CPU
		{C669D19A-7C68-4CAD-8D9F-EF1352A6FB75}.Debug|Any CPU.Build.0 = Debug|Any CPU
		{C669D19A-7C68-4CAD-8D9F-EF1352A6FB75}.Release|Any CPU.ActiveCfg = Release|Any CPU
		{C669D19A-7C68-4CAD-8D9F-EF1352A6FB75}.Release|Any CPU.Build.0 = Release|Any CPU
		{71F9C839-4469-40DF-A87A-70B11A81A259}.Debug|Any CPU.ActiveCfg = Debug|Any CPU
		{71F9C839-4469-40DF-A87A-70B11A81A259}.Debug|Any CPU.Build.0 = Debug|Any CPU
		{71F9C839-4469-40DF-A87A-70B11A81A259}.Release|Any CPU.ActiveCfg = Release|Any CPU
		{71F9C839-4469-40DF-A87A-70B11A81A259}.Release|Any CPU.Build.0 = Release|Any CPU
	EndGlobalSection
	GlobalSection(SolutionProperties) = preSolution
		HideSolutionNode = FALSE
	EndGlobalSection
	GlobalSection(NestedProjects) = preSolution
		{213CAFA1-5883-4B2E-AACC-0954C8802E57} = {2727F68D-33F6-434B-A082-97D4271268DB}
		{C669D19A-7C68-4CAD-8D9F-EF1352A6FB75} = {ECAFD070-D2B0-497F-8F59-F2AC3343C748}
		{71F9C839-4469-40DF-A87A-70B11A81A259} = {ECAFD070-D2B0-497F-8F59-F2AC3343C748}
	EndGlobalSection
	GlobalSection(ExtensibilityGlobals) = postSolution
		SolutionGuid = {7E3CCDAC-8CF6-4135-8775-B1FB706494CD}
	EndGlobalSection
EndGlobal
